// !$*UTF8*$!
{
	archiveVersion = 1;
	classes = {
	};
	objectVersion = 46;
	objects = {

/* Begin PBXBuildFile section */
		73F9E97B1CA400A2005065EC /* 一个瑜伽行者的自传.pages in Resources */ = {isa = PBXBuildFile; fileRef = 73F9E97A1CA400A2005065EC /* 一个瑜伽行者的自传.pages */; };
		EADAFA4D1A382D5C00608F8B /* main.m in Sources */ = {isa = PBXBuildFile; fileRef = EADAFA4C1A382D5C00608F8B /* main.m */; };
		EADAFA501A382D5C00608F8B /* AppDelegate.m in Sources */ = {isa = PBXBuildFile; fileRef = EADAFA4F1A382D5C00608F8B /* AppDelegate.m */; };
		EADAFA531A382D5C00608F8B /* ViewController.m in Sources */ = {isa = PBXBuildFile; fileRef = EADAFA521A382D5C00608F8B /* ViewController.m */; };
		EADAFA561A382D5C00608F8B /* Main.storyboard in Resources */ = {isa = PBXBuildFile; fileRef = EADAFA541A382D5C00608F8B /* Main.storyboard */; };
		EADAFA581A382D5C00608F8B /* Images.xcassets in Resources */ = {isa = PBXBuildFile; fileRef = EADAFA571A382D5C00608F8B /* Images.xcassets */; };
		EADAFA5B1A382D5C00608F8B /* LaunchScreen.xib in Resources */ = {isa = PBXBuildFile; fileRef = EADAFA591A382D5C00608F8B /* LaunchScreen.xib */; };
		EADAFA671A382D5C00608F8B /* AutoLayoutXcodeTests.m in Sources */ = {isa = PBXBuildFile; fileRef = EADAFA661A382D5C00608F8B /* AutoLayoutXcodeTests.m */; };
		EADAFA711A38324D00608F8B /* apple.jpg in Resources */ = {isa = PBXBuildFile; fileRef = EADAFA701A38324D00608F8B /* apple.jpg */; };
/* End PBXBuildFile section */

/* Begin PBXContainerItemProxy section */
		EADAFA611A382D5C00608F8B /* PBXContainerItemProxy */ = {
			isa = PBXContainerItemProxy;
			containerPortal = EADAFA3F1A382D5C00608F8B /* Project object */;
			proxyType = 1;
			remoteGlobalIDString = EADAFA461A382D5C00608F8B;
			remoteInfo = AutoLayoutXcode;
		};
/* End PBXContainerItemProxy section */

/* Begin PBXFileReference section */
		73F9E97A1CA400A2005065EC /* 一个瑜伽行者的自传.pages */ = {isa = PBXFileReference; lastKnownFileType = file; path = "一个瑜伽行者的自传.pages"; sourceTree = "<group>"; };
		EADAFA471A382D5C00608F8B /* AutoLayoutXcode.app */ = {isa = PBXFileReference; explicitFileType = wrapper.application; includeInIndex = 0; path = AutoLayoutXcode.app; sourceTree = BUILT_PRODUCTS_DIR; };
		EADAFA4B1A382D5C00608F8B /* Info.plist */ = {isa = PBXFileReference; lastKnownFileType = text.plist.xml; path = Info.plist; sourceTree = "<group>"; };
		EADAFA4C1A382D5C00608F8B /* main.m */ = {isa = PBXFileReference; lastKnownFileType = sourcecode.c.objc; path = main.m; sourceTree = "<group>"; };
		EADAFA4E1A382D5C00608F8B /* AppDelegate.h */ = {isa = PBXFileReference; lastKnownFileType = sourcecode.c.h; path = AppDelegate.h; sourceTree = "<group>"; };
		EADAFA4F1A382D5C00608F8B /* AppDelegate.m */ = {isa = PBXFileReference; lastKnownFileType = sourcecode.c.objc; path = AppDelegate.m; sourceTree = "<group>"; };
		EADAFA511A382D5C00608F8B /* ViewController.h */ = {isa = PBXFileReference; lastKnownFileType = sourcecode.c.h; path = ViewController.h; sourceTree = "<group>"; };
		EADAFA521A382D5C00608F8B /* ViewController.m */ = {isa = PBXFileReference; lastKnownFileType = sourcecode.c.objc; path = ViewController.m; sourceTree = "<group>"; };
		EADAFA551A382D5C00608F8B /* Base */ = {isa = PBXFileReference; lastKnownFileType = file.storyboard; name = Base; path = Base.lproj/Main.storyboard; sourceTree = "<group>"; };
		EADAFA571A382D5C00608F8B /* Images.xcassets */ = {isa = PBXFileReference; lastKnownFileType = folder.assetcatalog; path = Images.xcassets; sourceTree = "<group>"; };
		EADAFA5A1A382D5C00608F8B /* Base */ = {isa = PBXFileReference; lastKnownFileType = file.xib; name = Base; path = Base.lproj/LaunchScreen.xib; sourceTree = "<group>"; };
		EADAFA601A382D5C00608F8B /* AutoLayoutXcodeTests.xctest */ = {isa = PBXFileReference; explicitFileType = wrapper.cfbundle; includeInIndex = 0; path = AutoLayoutXcodeTests.xctest; sourceTree = BUILT_PRODUCTS_DIR; };
		EADAFA651A382D5C00608F8B /* Info.plist */ = {isa = PBXFileReference; lastKnownFileType = text.plist.xml; path = Info.plist; sourceTree = "<group>"; };
		EADAFA661A382D5C00608F8B /* AutoLayoutXcodeTests.m */ = {isa = PBXFileReference; lastKnownFileType = sourcecode.c.objc; path = AutoLayoutXcodeTests.m; sourceTree = "<group>"; };
		EADAFA701A38324D00608F8B /* apple.jpg */ = {isa = PBXFileReference; lastKnownFileType = image.jpeg; path = apple.jpg; sourceTree = "<group>"; };
/* End PBXFileReference section */

/* Begin PBXFrameworksBuildPhase section */
		EADAFA441A382D5C00608F8B /* Frameworks */ = {
			isa = PBXFrameworksBuildPhase;
			buildActionMask = 2147483647;
			files = (
			);
			runOnlyForDeploymentPostprocessing = 0;
		};
		EADAFA5D1A382D5C00608F8B /* Frameworks */ = {
			isa = PBXFrameworksBuildPhase;
			buildActionMask = 2147483647;
			files = (
			);
			runOnlyForDeploymentPostprocessing = 0;
		};
/* End PBXFrameworksBuildPhase section */

/* Begin PBXGroup section */
		EADAFA3E1A382D5C00608F8B = {
			isa = PBXGroup;
			children = (
				EADAFA491A382D5C00608F8B /* AutoLayoutXcode */,
				EADAFA631A382D5C00608F8B /* AutoLayoutXcodeTests */,
				EADAFA481A382D5C00608F8B /* Products */,
			);
			sourceTree = "<group>";
		};
		EADAFA481A382D5C00608F8B /* Products */ = {
			isa = PBXGroup;
			children = (
				EADAFA471A382D5C00608F8B /* AutoLayoutXcode.app */,
				EADAFA601A382D5C00608F8B /* AutoLayoutXcodeTests.xctest */,
			);
			name = Products;
			sourceTree = "<group>";
		};
		EADAFA491A382D5C00608F8B /* AutoLayoutXcode */ = {
			isa = PBXGroup;
			children = (
				EADAFA4E1A382D5C00608F8B /* AppDelegate.h */,
				EADAFA4F1A382D5C00608F8B /* AppDelegate.m */,
				EADAFA511A382D5C00608F8B /* ViewController.h */,
				EADAFA521A382D5C00608F8B /* ViewController.m */,
				EADAFA541A382D5C00608F8B /* Main.storyboard */,
				73F9E97A1CA400A2005065EC /* 一个瑜伽行者的自传.pages */,
				EADAFA571A382D5C00608F8B /* Images.xcassets */,
				EADAFA591A382D5C00608F8B /* LaunchScreen.xib */,
				EADAFA4A1A382D5C00608F8B /* Supporting Files */,
			);
			path = AutoLayoutXcode;
			sourceTree = "<group>";
		};
		EADAFA4A1A382D5C00608F8B /* Supporting Files */ = {
			isa = PBXGroup;
			children = (
				EADAFA701A38324D00608F8B /* apple.jpg */,
				EADAFA4B1A382D5C00608F8B /* Info.plist */,
				EADAFA4C1A382D5C00608F8B /* main.m */,
			);
			name = "Supporting Files";
			sourceTree = "<group>";
		};
		EADAFA631A382D5C00608F8B /* AutoLayoutXcodeTests */ = {
			isa = PBXGroup;
			children = (
				EADAFA661A382D5C00608F8B /* AutoLayoutXcodeTests.m */,
				EADAFA641A382D5C00608F8B /* Supporting Files */,
			);
			path = AutoLayoutXcodeTests;
			sourceTree = "<group>";
		};
		EADAFA641A382D5C00608F8B /* Supporting Files */ = {
			isa = PBXGroup;
			children = (
				EADAFA651A382D5C00608F8B /* Info.plist */,
			);
			name = "Supporting Files";
			sourceTree = "<group>";
		};
/* End PBXGroup section */

/* Begin PBXNativeTarget section */
		EADAFA461A382D5C00608F8B /* AutoLayoutXcode */ = {
			isa = PBXNativeTarget;
			buildConfigurationList = EADAFA6A1A382D5C00608F8B /* Build configuration list for PBXNativeTarget "AutoLayoutXcode" */;
			buildPhases = (
				EADAFA431A382D5C00608F8B /* Sources */,
				EADAFA441A382D5C00608F8B /* Frameworks */,
				EADAFA451A382D5C00608F8B /* Resources */,
			);
			buildRules = (
			);
			dependencies = (
			);
			name = AutoLayoutXcode;
			productName = AutoLayoutXcode;
			productReference = EADAFA471A382D5C00608F8B /* AutoLayoutXcode.app */;
			productType = "com.apple.product-type.application";
		};
		EADAFA5F1A382D5C00608F8B /* AutoLayoutXcodeTests */ = {
			isa = PBXNativeTarget;
			buildConfigurationList = EADAFA6D1A382D5C00608F8B /* Build configuration list for PBXNativeTarget "AutoLayoutXcodeTests" */;
			buildPhases = (
				EADAFA5C1A382D5C00608F8B /* Sources */,
				EADAFA5D1A382D5C00608F8B /* Frameworks */,
				EADAFA5E1A382D5C00608F8B /* Resources */,
			);
			buildRules = (
			);
			dependencies = (
				EADAFA621A382D5C00608F8B /* PBXTargetDependency */,
			);
			name = AutoLayoutXcodeTests;
			productName = AutoLayoutXcodeTests;
			productReference = EADAFA601A382D5C00608F8B /* AutoLayoutXcodeTests.xctest */;
			productType = "com.apple.product-type.bundle.unit-test";
		};
/* End PBXNativeTarget section */

/* Begin PBXProject section */
		EADAFA3F1A382D5C00608F8B /* Project object */ = {
			isa = PBXProject;
			attributes = {
				LastUpgradeCheck = 0610;
				ORGANIZATIONNAME = "Puzhi Li";
				TargetAttributes = {
					EADAFA461A382D5C00608F8B = {
						CreatedOnToolsVersion = 6.1.1;
					};
					EADAFA5F1A382D5C00608F8B = {
						CreatedOnToolsVersion = 6.1.1;
						TestTargetID = EADAFA461A382D5C00608F8B;
					};
				};
			};
			buildConfigurationList = EADAFA421A382D5C00608F8B /* Build configuration list for PBXProject "AutoLayoutXcode" */;
			compatibilityVersion = "Xcode 3.2";
			developmentRegion = English;
			hasScannedForEncodings = 0;
			knownRegions = (
				en,
				Base,
			);
			mainGroup = EADAFA3E1A382D5C00608F8B;
			productRefGroup = EADAFA481A382D5C00608F8B /* Products */;
			projectDirPath = "";
			projectRoot = "";
			targets = (
				EADAFA461A382D5C00608F8B /* AutoLayoutXcode */,
				EADAFA5F1A382D5C00608F8B /* AutoLayoutXcodeTests */,
			);
		};
/* End PBXProject section */

/* Begin PBXResourcesBuildPhase section */
		EADAFA451A382D5C00608F8B /* Resources */ = {
			isa = PBXResourcesBuildPhase;
			buildActionMask = 2147483647;
			files = (
				EADAFA561A382D5C00608F8B /* Main.storyboard in Resources */,
				EADAFA5B1A382D5C00608F8B /* LaunchScreen.xib in Resources */,
				73F9E97B1CA400A2005065EC /* 一个瑜伽行者的自传.pages in Resources */,
				EADAFA711A38324D00608F8B /* apple.jpg in Resources */,
				EADAFA581A382D5C00608F8B /* Images.xcassets in Resources */,
			);
			runOnlyForDeploymentPostprocessing = 0;
		};
		EADAFA5E1A382D5C00608F8B /* Resources */ = {
			isa = PBXResourcesBuildPhase;
			buildActionMask = 2147483647;
			files = (
			);
			runOnlyForDeploymentPostprocessing = 0;
		};
/* End PBXResourcesBuildPhase section */

/* Begin PBXSourcesBuildPhase section */
		EADAFA431A382D5C00608F8B /* Sources */ = {
			isa = PBXSourcesBuildPhase;
			buildActionMask = 2147483647;
			files = (
				EADAFA531A382D5C00608F8B /* ViewController.m in Sources */,
				EADAFA501A382D5C00608F8B /* AppDelegate.m in Sources */,
				EADAFA4D1A382D5C00608F8B /* main.m in Sources */,
			);
			runOnlyForDeploymentPostprocessing = 0;
		};
		EADAFA5C1A382D5C00608F8B /* Sources */ = {
			isa = PBXSourcesBuildPhase;
			buildActionMask = 2147483647;
			files = (
				EADAFA671A382D5C00608F8B /* AutoLayoutXcodeTests.m in Sources */,
			);
			runOnlyForDeploymentPostprocessing = 0;
		};
/* End PBXSourcesBuildPhase section */

/* Begin PBXTargetDependency section */
		EADAFA621A382D5C00608F8B /* PBXTargetDependency */ = {
			isa = PBXTargetDependency;
			target = EADAFA461A382D5C00608F8B /* AutoLayoutXcode */;
			targetProxy = EADAFA611A382D5C00608F8B /* PBXContainerItemProxy */;
		};
/* End PBXTargetDependency section */

/* Begin PBXVariantGroup section */
		EADAFA541A382D5C00608F8B /* Main.storyboard */ = {
			isa = PBXVariantGroup;
			children = (
				EADAFA551A382D5C00608F8B /* Base */,
			);
			name = Main.storyboard;
			sourceTree = "<group>";
		};
		EADAFA591A382D5C00608F8B /* LaunchScreen.xib */ = {
			isa = PBXVariantGroup;
			children = (
				EADAFA5A1A382D5C00608F8B /* Base */,
			);
			name = LaunchScreen.xib;
			sourceTree = "<group>";
		};
/* End PBXVariantGroup section */

/* Begin XCBuildConfiguration section */
		EADAFA681A382D5C00608F8B /* Debug */ = {
			isa = XCBuildConfiguration;
			buildSettings = {
				ALWAYS_SEARCH_USER_PATHS = NO;
				CLANG_CXX_LANGUAGE_STANDARD = "gnu++0x";
				CLANG_CXX_LIBRARY = "libc++";
				CLANG_ENABLE_MODULES = YES;
				CLANG_ENABLE_OBJC_ARC = YES;
				CLANG_WARN_BOOL_CONVERSION = YES;
				CLANG_WARN_CONSTANT_CONVERSION = YES;
				CLANG_WARN_DIRECT_OBJC_ISA_USAGE = YES_ERROR;
				CLANG_WARN_EMPTY_BODY = YES;
				CLANG_WARN_ENUM_CONVERSION = YES;
				CLANG_WARN_INT_CONVERSION = YES;
				CLANG_WARN_OBJC_ROOT_CLASS = YES_ERROR;
				CLANG_WARN_UNREACHABLE_CODE = YES;
				CLANG_WARN__DUPLICATE_METHOD_MATCH = YES;
				"CODE_SIGN_IDENTITY[sdk=iphoneos*]" = "iPhone Developer";
				COPY_PHASE_STRIP = NO;
				ENABLE_STRICT_OBJC_MSGSEND = YES;
				GCC_C_LANGUAGE_STANDARD = gnu99;
				GCC_DYNAMIC_NO_PIC = NO;
				GCC_OPTIMIZATION_LEVEL = 0;
				GCC_PREPROCESSOR_DEFINITIONS = (
					"DEBUG=1",
					"$(inherited)",
				);
				GCC_SYMBOLS_PRIVATE_EXTERN = NO;
				GCC_WARN_64_TO_32_BIT_CONVERSION = YES;
				GCC_WARN_ABOUT_RETURN_TYPE = YES_ERROR;
				GCC_WARN_UNDECLARED_SELECTOR = YES;
				GCC_WARN_UNINITIALIZED_AUTOS = YES_AGGRESSIVE;
				GCC_WARN_UNUSED_FUNCTION = YES;
				GCC_WARN_UNUSED_VARIABLE = YES;
				IPHONEOS_DEPLOYMENT_TARGET = 8.1;
				MTL_ENABLE_DEBUG_INFO = YES;
				ONLY_ACTIVE_ARCH = YES;
				SDKROOT = iphoneos;
				TARGETED_DEVICE_FAMILY = "1,2";
			};
			name = Debug;
		};
		EADAFA691A382D5C00608F8B /* Release */ = {
			isa = XCBuildConfiguration;
			buildSettings = {
				ALWAYS_SEARCH_USER_PATHS = NO;
				CLANG_CXX_LANGUAGE_STANDARD = "gnu++0x";
				CLANG_CXX_LIBRARY = "libc++";
				CLANG_ENABLE_MODULES = YES;
				CLANG_ENABLE_OBJC_ARC = YES;
				CLANG_WARN_BOOL_CONVERSION = YES;
				CLANG_WARN_CONSTANT_CONVERSION = YES;
				CLANG_WARN_DIRECT_OBJC_ISA_USAGE = YES_ERROR;
				CLANG_WARN_EMPTY_BODY = YES;
				CLANG_WARN_ENUM_CONVERSION = YES;
				CLANG_WARN_INT_CONVERSION = YES;
				CLANG_WARN_OBJC_ROOT_CLASS = YES_ERROR;
				CLANG_WARN_UNREACHABLE_CODE = YES;
				CLANG_WARN__DUPLICATE_METHOD_MATCH = YES;
				"CODE_SIGN_IDENTITY[sdk=iphoneos*]" = "iPhone Developer";
				COPY_PHASE_STRIP = YES;
				ENABLE_NS_ASSERTIONS = NO;
				ENABLE_STRICT_OBJC_MSGSEND = YES;
				GCC_C_LANGUAGE_STANDARD = gnu99;
				GCC_WARN_64_TO_32_BIT_CONVERSION = YES;
				GCC_WARN_ABOUT_RETURN_TYPE = YES_ERROR;
				GCC_WARN_UNDECLARED_SELECTOR = YES;
				GCC_WARN_UNINITIALIZED_AUTOS = YES_AGGRESSIVE;
				GCC_WARN_UNUSED_FUNCTION = YES;
				GCC_WARN_UNUSED_VARIABLE = YES;
				IPHONEOS_DEPLOYMENT_TARGET = 8.1;
				MTL_ENABLE_DEBUG_INFO = NO;
				SDKROOT = iphoneos;
				TARGETED_DEVICE_FAMILY = "1,2";
				VALIDATE_PRODUCT = YES;
			};
			name = Release;
		};
		EADAFA6B1A382D5C00608F8B /* Debug */ = {
			isa = XCBuildConfiguration;
			buildSettings = {
				ASSETCATALOG_COMPILER_APPICON_NAME = AppIcon;
				INFOPLIST_FILE = AutoLayoutXcode/Info.plist;
				LD_RUNPATH_SEARCH_PATHS = "$(inherited) @executable_path/Frameworks";
				PRODUCT_NAME = "$(TARGET_NAME)";
			};
			name = Debug;
		};
		EADAFA6C1A382D5C00608F8B /* Release */ = {
			isa = XCBuildConfiguration;
			buildSettings = {
				ASSETCATALOG_COMPILER_APPICON_NAME = AppIcon;
				INFOPLIST_FILE = AutoLayoutXcode/Info.plist;
				LD_RUNPATH_SEARCH_PATHS = "$(inherited) @executable_path/Frameworks";
				PRODUCT_NAME = "$(TARGET_NAME)";
			};
			name = Release;
		};
		EADAFA6E1A382D5C00608F8B /* Debug */ = {
			isa = XCBuildConfiguration;
			buildSettings = {
				BUNDLE_LOADER = "$(TEST_HOST)";
				FRAMEWORK_SEARCH_PATHS = (
					"$(SDKROOT)/Developer/Library/Frameworks",
					"$(inherited)",
				);
				GCC_PREPROCESSOR_DEFINITIONS = (
					"DEBUG=1",
					"$(inherited)",
				);
				INFOPLIST_FILE = AutoLayoutXcodeTests/Info.plist;
				LD_RUNPATH_SEARCH_PATHS = "$(inherited) @executable_path/Frameworks @loader_path/Frameworks";
				PRODUCT_NAME = "$(TARGET_NAME)";
				TEST_HOST = "$(BUILT_PRODUCTS_DIR)/AutoLayoutXcode.app/AutoLayoutXcode";
			};
			name = Debug;
		};
		EADAFA6F1A382D5C00608F8B /* Release */ = {
			isa = XCBuildConfiguration;
			buildSettings = {
				BUNDLE_LOADER = "$(TEST_HOST)";
				FRAMEWORK_SEARCH_PATHS = (
					"$(SDKROOT)/Developer/Library/Frameworks",
					"$(inherited)",
				);
				INFOPLIST_FILE = AutoLayoutXcodeTests/Info.plist;
				LD_RUNPATH_SEARCH_PATHS = "$(inherited) @executable_path/Frameworks @loader_path/Frameworks";
				PRODUCT_NAME = "$(TARGET_NAME)";
				TEST_HOST = "$(BUILT_PRODUCTS_DIR)/AutoLayoutXcode.app/AutoLayoutXcode";
			};
			name = Release;
		};
/* End XCBuildConfiguration section */

/* Begin XCConfigurationList section */
		EADAFA421A382D5C00608F8B /* Build configuration list for PBXProject "AutoLayoutXcode" */ = {
			isa = XCConfigurationList;
			buildConfigurations = (
				EADAFA681A382D5C00608F8B /* Debug */,
				EADAFA691A382D5C00608F8B /* Release */,
			);
			defaultConfigurationIsVisible = 0;
			defaultConfigurationName = Release;
		};
		EADAFA6A1A382D5C00608F8B /* Build configuration list for PBXNativeTarget "AutoLayoutXcode" */ = {
			isa = XCConfigurationList;
			buildConfigurations = (
				EADAFA6B1A382D5C00608F8B /* Debug */,
				EADAFA6C1A382D5C00608F8B /* Release */,
			);
			defaultConfigurationIsVisible = 0;
			defaultConfigurationName = Release;
		};
		EADAFA6D1A382D5C00608F8B /* Build configuration list for PBXNativeTarget "AutoLayoutXcodeTests" */ = {
			isa = XCConfigurationList;
			buildConfigurations = (
				EADAFA6E1A382D5C00608F8B /* Debug */,
				EADAFA6F1A382D5C00608F8B /* Release */,
			);
			defaultConfigurationIsVisible = 0;
			defaultConfigurationName = Release;
		};
/* End XCConfigurationList section */
	};
	rootObject = EADAFA3F1A382D5C00608F8B /* Project object */;
}
